
Microsoft Visual Studio Solution File, Format Version 12.00
# Visual Studio Version 17
VisualStudioVersion = 17.14.36212.18 d17.14
MinimumVisualStudioVersion = 10.0.40219.1
Project("{FAE04EC0-301F-11D3-BF4B-00C04F79EFBC}") = "Exam02", "Exam02\Exam02.csproj", "{0616D064-03B9-4F24-9BAD-6A6477B30DE7}"
EndProject
Global
	GlobalSection(SolutionConfigurationPlatforms) = preSolution
		Debug|Any CPU = Debug|Any CPU
		Release|Any CPU = Release|Any CPU
	EndGlobalSection
	GlobalSection(ProjectConfigurationPlatforms) = postSolution
		{0616D064-03B9-4F24-9BAD-6A6477B30DE7}.Debug|Any CPU.ActiveCfg = Debug|Any CPU
		{0616D064-03B9-4F24-9BAD-6A6477B30DE7}.Debug|Any CPU.Build.0 = Debug|Any CPU
		{0616D064-03B9-4F24-9BAD-6A6477B30DE7}.Release|Any CPU.ActiveCfg = Release|Any CPU
		{0616D064-03B9-4F24-9BAD-6A6477B30DE7}.Release|Any CPU.Build.0 = Release|Any CPU
	EndGlobalSection
	GlobalSection(SolutionProperties) = preSolution
		HideSolutionNode = FALSE
	EndGlobalSection
	GlobalSection(ExtensibilityGlobals) = postSolution
		SolutionGuid = {7AA36BB1-D51A-4FB6-8F98-2322CE2CC2F7}
	EndGlobalSection
EndGlobal
